// !$*UTF8*$!
{
	archiveVersion = 1;
	classes = {
	};
	objectVersion = 46;
	objects = {

/* Begin PBXBuildFile section */
		B939ED8F1A6C5CD100A93E9A /* main.m in Sources */ = {isa = PBXBuildFile; fileRef = B939ED8E1A6C5CD100A93E9A /* main.m */; };
		B939ED921A6C5CD100A93E9A /* AppDelegate.m in Sources */ = {isa = PBXBuildFile; fileRef = B939ED911A6C5CD100A93E9A /* AppDelegate.m */; };
		B939ED951A6C5CD100A93E9A /* ViewController.m in Sources */ = {isa = PBXBuildFile; fileRef = B939ED941A6C5CD100A93E9A /* ViewController.m */; };
		B939ED981A6C5CD100A93E9A /* Main.storyboard in Resources */ = {isa = PBXBuildFile; fileRef = B939ED961A6C5CD100A93E9A /* Main.storyboard */; };
		B939ED9A1A6C5CD100A93E9A /* Images.xcassets in Resources */ = {isa = PBXBuildFile; fileRef = B939ED991A6C5CD100A93E9A /* Images.xcassets */; };
		B939ED9D1A6C5CD100A93E9A /* LaunchScreen.xib in Resources */ = {isa = PBXBuildFile; fileRef = B939ED9B1A6C5CD100A93E9A /* LaunchScreen.xib */; };
		B939EDA91A6C5CD100A93E9A /* Unlimited_GridTests.m in Sources */ = {isa = PBXBuildFile; fileRef = B939EDA81A6C5CD100A93E9A /* Unlimited_GridTests.m */; };
		B939EDB41A6C5F6800A93E9A /* GridCell.m in Sources */ = {isa = PBXBuildFile; fileRef = B939EDB31A6C5F6800A93E9A /* GridCell.m */; };
		B9E815481A6CFD63008D9E44 /* GameOptionsView.m in Sources */ = {isa = PBXBuildFile; fileRef = B9E815471A6CFD63008D9E44 /* GameOptionsView.m */; };
		B9E8154B1A6D0B19008D9E44 /* UGAppearance.m in Sources */ = {isa = PBXBuildFile; fileRef = B9E8154A1A6D0B19008D9E44 /* UGAppearance.m */; };
		B9E8154F1A6D20AC008D9E44 /* StartingVC.m in Sources */ = {isa = PBXBuildFile; fileRef = B9E8154E1A6D20AC008D9E44 /* StartingVC.m */; };
/* End PBXBuildFile section */

/* Begin PBXContainerItemProxy section */
		B939EDA31A6C5CD100A93E9A /* PBXContainerItemProxy */ = {
			isa = PBXContainerItemProxy;
			containerPortal = B939ED811A6C5CD100A93E9A /* Project object */;
			proxyType = 1;
			remoteGlobalIDString = B939ED881A6C5CD100A93E9A;
			remoteInfo = "Unlimited Grid";
		};
/* End PBXContainerItemProxy section */

/* Begin PBXFileReference section */
		B939ED891A6C5CD100A93E9A /* Unlimited Grid.app */ = {isa = PBXFileReference; explicitFileType = wrapper.application; includeInIndex = 0; path = "Unlimited Grid.app"; sourceTree = BUILT_PRODUCTS_DIR; };
		B939ED8D1A6C5CD100A93E9A /* Info.plist */ = {isa = PBXFileReference; lastKnownFileType = text.plist.xml; path = Info.plist; sourceTree = "<group>"; };
		B939ED8E1A6C5CD100A93E9A /* main.m */ = {isa = PBXFileReference; lastKnownFileType = sourcecode.c.objc; path = main.m; sourceTree = "<group>"; };
		B939ED901A6C5CD100A93E9A /* AppDelegate.h */ = {isa = PBXFileReference; lastKnownFileType = sourcecode.c.h; path = AppDelegate.h; sourceTree = "<group>"; };
		B939ED911A6C5CD100A93E9A /* AppDelegate.m */ = {isa = PBXFileReference; lastKnownFileType = sourcecode.c.objc; path = AppDelegate.m; sourceTree = "<group>"; };
		B939ED931A6C5CD100A93E9A /* ViewController.h */ = {isa = PBXFileReference; lastKnownFileType = sourcecode.c.h; path = ViewController.h; sourceTree = "<group>"; };
		B939ED941A6C5CD100A93E9A /* ViewController.m */ = {isa = PBXFileReference; lastKnownFileType = sourcecode.c.objc; path = ViewController.m; sourceTree = "<group>"; };
		B939ED971A6C5CD100A93E9A /* Base */ = {isa = PBXFileReference; lastKnownFileType = file.storyboard; name = Base; path = Base.lproj/Main.storyboard; sourceTree = "<group>"; };
		B939ED991A6C5CD100A93E9A /* Images.xcassets */ = {isa = PBXFileReference; lastKnownFileType = folder.assetcatalog; path = Images.xcassets; sourceTree = "<group>"; };
		B939ED9C1A6C5CD100A93E9A /* Base */ = {isa = PBXFileReference; lastKnownFileType = file.xib; name = Base; path = Base.lproj/LaunchScreen.xib; sourceTree = "<group>"; };
		B939EDA21A6C5CD100A93E9A /* Unlimited GridTests.xctest */ = {isa = PBXFileReference; explicitFileType = wrapper.cfbundle; includeInIndex = 0; path = "Unlimited GridTests.xctest"; sourceTree = BUILT_PRODUCTS_DIR; };
		B939EDA71A6C5CD100A93E9A /* Info.plist */ = {isa = PBXFileReference; lastKnownFileType = text.plist.xml; path = Info.plist; sourceTree = "<group>"; };
		B939EDA81A6C5CD100A93E9A /* Unlimited_GridTests.m */ = {isa = PBXFileReference; lastKnownFileType = sourcecode.c.objc; path = Unlimited_GridTests.m; sourceTree = "<group>"; };
		B939EDB21A6C5F6800A93E9A /* GridCell.h */ = {isa = PBXFileReference; fileEncoding = 4; lastKnownFileType = sourcecode.c.h; path = GridCell.h; sourceTree = "<group>"; };
		B939EDB31A6C5F6800A93E9A /* GridCell.m */ = {isa = PBXFileReference; fileEncoding = 4; lastKnownFileType = sourcecode.c.objc; path = GridCell.m; sourceTree = "<group>"; };
		B9E815461A6CFD63008D9E44 /* GameOptionsView.h */ = {isa = PBXFileReference; fileEncoding = 4; lastKnownFileType = sourcecode.c.h; path = GameOptionsView.h; sourceTree = "<group>"; };
		B9E815471A6CFD63008D9E44 /* GameOptionsView.m */ = {isa = PBXFileReference; fileEncoding = 4; lastKnownFileType = sourcecode.c.objc; path = GameOptionsView.m; sourceTree = "<group>"; };
		B9E815491A6D0B19008D9E44 /* UGAppearance.h */ = {isa = PBXFileReference; fileEncoding = 4; lastKnownFileType = sourcecode.c.h; path = UGAppearance.h; sourceTree = "<group>"; };
		B9E8154A1A6D0B19008D9E44 /* UGAppearance.m */ = {isa = PBXFileReference; fileEncoding = 4; lastKnownFileType = sourcecode.c.objc; path = UGAppearance.m; sourceTree = "<group>"; };
		B9E8154D1A6D20AC008D9E44 /* StartingVC.h */ = {isa = PBXFileReference; fileEncoding = 4; lastKnownFileType = sourcecode.c.h; path = StartingVC.h; sourceTree = "<group>"; };
		B9E8154E1A6D20AC008D9E44 /* StartingVC.m */ = {isa = PBXFileReference; fileEncoding = 4; lastKnownFileType = sourcecode.c.objc; path = StartingVC.m; sourceTree = "<group>"; };
/* End PBXFileReference section */

/* Begin PBXFrameworksBuildPhase section */
		B939ED861A6C5CD100A93E9A /* Frameworks */ = {
			isa = PBXFrameworksBuildPhase;
			buildActionMask = 2147483647;
			files = (
			);
			runOnlyForDeploymentPostprocessing = 0;
		};
		B939ED9F1A6C5CD100A93E9A /* Frameworks */ = {
			isa = PBXFrameworksBuildPhase;
			buildActionMask = 2147483647;
			files = (
			);
			runOnlyForDeploymentPostprocessing = 0;
		};
/* End PBXFrameworksBuildPhase section */

/* Begin PBXGroup section */
		B939ED801A6C5CD100A93E9A = {
			isa = PBXGroup;
			children = (
				B939ED8B1A6C5CD100A93E9A /* Unlimited Grid */,
				B939EDA51A6C5CD100A93E9A /* Unlimited GridTests */,
				B939ED8A1A6C5CD100A93E9A /* Products */,
			);
			sourceTree = "<group>";
		};
		B939ED8A1A6C5CD100A93E9A /* Products */ = {
			isa = PBXGroup;
			children = (
				B939ED891A6C5CD100A93E9A /* Unlimited Grid.app */,
				B939EDA21A6C5CD100A93E9A /* Unlimited GridTests.xctest */,
			);
			name = Products;
			sourceTree = "<group>";
		};
		B939ED8B1A6C5CD100A93E9A /* Unlimited Grid */ = {
			isa = PBXGroup;
			children = (
				B939ED901A6C5CD100A93E9A /* AppDelegate.h */,
				B939ED911A6C5CD100A93E9A /* AppDelegate.m */,
				B9E8154D1A6D20AC008D9E44 /* StartingVC.h */,
				B9E8154E1A6D20AC008D9E44 /* StartingVC.m */,
				B939ED931A6C5CD100A93E9A /* ViewController.h */,
				B939ED941A6C5CD100A93E9A /* ViewController.m */,
				B9E815491A6D0B19008D9E44 /* UGAppearance.h */,
				B9E8154A1A6D0B19008D9E44 /* UGAppearance.m */,
				B9E8154C1A6D1576008D9E44 /* Additional Views */,
				B939ED961A6C5CD100A93E9A /* Main.storyboard */,
				B939ED991A6C5CD100A93E9A /* Images.xcassets */,
				B939ED9B1A6C5CD100A93E9A /* LaunchScreen.xib */,
				B939ED8C1A6C5CD100A93E9A /* Supporting Files */,
			);
			path = "Unlimited Grid";
			sourceTree = "<group>";
		};
		B939ED8C1A6C5CD100A93E9A /* Supporting Files */ = {
			isa = PBXGroup;
			children = (
				B939ED8D1A6C5CD100A93E9A /* Info.plist */,
				B939ED8E1A6C5CD100A93E9A /* main.m */,
			);
			name = "Supporting Files";
			sourceTree = "<group>";
		};
		B939EDA51A6C5CD100A93E9A /* Unlimited GridTests */ = {
			isa = PBXGroup;
			children = (
				B939EDA81A6C5CD100A93E9A /* Unlimited_GridTests.m */,
				B939EDA61A6C5CD100A93E9A /* Supporting Files */,
			);
			path = "Unlimited GridTests";
			sourceTree = "<group>";
		};
		B939EDA61A6C5CD100A93E9A /* Supporting Files */ = {
			isa = PBXGroup;
			children = (
				B939EDA71A6C5CD100A93E9A /* Info.plist */,
			);
			name = "Supporting Files";
			sourceTree = "<group>";
		};
		B9E8154C1A6D1576008D9E44 /* Additional Views */ = {
			isa = PBXGroup;
			children = (
				B939EDB21A6C5F6800A93E9A /* GridCell.h */,
				B939EDB31A6C5F6800A93E9A /* GridCell.m */,
				B9E815461A6CFD63008D9E44 /* GameOptionsView.h */,
				B9E815471A6CFD63008D9E44 /* GameOptionsView.m */,
			);
			name = "Additional Views";
			sourceTree = "<group>";
		};
/* End PBXGroup section */

/* Begin PBXNativeTarget section */
		B939ED881A6C5CD100A93E9A /* Unlimited Grid */ = {
			isa = PBXNativeTarget;
			buildConfigurationList = B939EDAC1A6C5CD100A93E9A /* Build configuration list for PBXNativeTarget "Unlimited Grid" */;
			buildPhases = (
				B939ED851A6C5CD100A93E9A /* Sources */,
				B939ED861A6C5CD100A93E9A /* Frameworks */,
				B939ED871A6C5CD100A93E9A /* Resources */,
			);
			buildRules = (
			);
			dependencies = (
			);
			name = "Unlimited Grid";
			productName = "Unlimited Grid";
			productReference = B939ED891A6C5CD100A93E9A /* Unlimited Grid.app */;
			productType = "com.apple.product-type.application";
		};
		B939EDA11A6C5CD100A93E9A /* Unlimited GridTests */ = {
			isa = PBXNativeTarget;
			buildConfigurationList = B939EDAF1A6C5CD100A93E9A /* Build configuration list for PBXNativeTarget "Unlimited GridTests" */;
			buildPhases = (
				B939ED9E1A6C5CD100A93E9A /* Sources */,
				B939ED9F1A6C5CD100A93E9A /* Frameworks */,
				B939EDA01A6C5CD100A93E9A /* Resources */,
			);
			buildRules = (
			);
			dependencies = (
				B939EDA41A6C5CD100A93E9A /* PBXTargetDependency */,
			);
			name = "Unlimited GridTests";
			productName = "Unlimited GridTests";
			productReference = B939EDA21A6C5CD100A93E9A /* Unlimited GridTests.xctest */;
			productType = "com.apple.product-type.bundle.unit-test";
		};
/* End PBXNativeTarget section */

/* Begin PBXProject section */
		B939ED811A6C5CD100A93E9A /* Project object */ = {
			isa = PBXProject;
			attributes = {
				LastUpgradeCheck = 0610;
				ORGANIZATIONNAME = "Kenneth Friedman";
				TargetAttributes = {
					B939ED881A6C5CD100A93E9A = {
						CreatedOnToolsVersion = 6.1.1;
					};
					B939EDA11A6C5CD100A93E9A = {
						CreatedOnToolsVersion = 6.1.1;
						TestTargetID = B939ED881A6C5CD100A93E9A;
					};
				};
			};
			buildConfigurationList = B939ED841A6C5CD100A93E9A /* Build configuration list for PBXProject "Unlimited Grid" */;
			compatibilityVersion = "Xcode 3.2";
			developmentRegion = English;
			hasScannedForEncodings = 0;
			knownRegions = (
				en,
				Base,
			);
			mainGroup = B939ED801A6C5CD100A93E9A;
			productRefGroup = B939ED8A1A6C5CD100A93E9A /* Products */;
			projectDirPath = "";
			projectRoot = "";
			targets = (
				B939ED881A6C5CD100A93E9A /* Unlimited Grid */,
				B939EDA11A6C5CD100A93E9A /* Unlimited GridTests */,
			);
		};
/* End PBXProject section */

/* Begin PBXResourcesBuildPhase section */
		B939ED871A6C5CD100A93E9A /* Resources */ = {
			isa = PBXResourcesBuildPhase;
			buildActionMask = 2147483647;
			files = (
				B939ED981A6C5CD100A93E9A /* Main.storyboard in Resources */,
				B939ED9D1A6C5CD100A93E9A /* LaunchScreen.xib in Resources */,
				B939ED9A1A6C5CD100A93E9A /* Images.xcassets in Resources */,
			);
			runOnlyForDeploymentPostprocessing = 0;
		};
		B939EDA01A6C5CD100A93E9A /* Resources */ = {
			isa = PBXResourcesBuildPhase;
			buildActionMask = 2147483647;
			files = (
			);
			runOnlyForDeploymentPostprocessing = 0;
		};
/* End PBXResourcesBuildPhase section */

/* Begin PBXSourcesBuildPhase section */
		B939ED851A6C5CD100A93E9A /* Sources */ = {
			isa = PBXSourcesBuildPhase;
			buildActionMask = 2147483647;
			files = (
				B9E815481A6CFD63008D9E44 /* GameOptionsView.m in Sources */,
				B939ED951A6C5CD100A93E9A /* ViewController.m in Sources */,
				B939ED921A6C5CD100A93E9A /* AppDelegate.m in Sources */,
				B939ED8F1A6C5CD100A93E9A /* main.m in Sources */,
				B939EDB41A6C5F6800A93E9A /* GridCell.m in Sources */,
				B9E8154B1A6D0B19008D9E44 /* UGAppearance.m in Sources */,
				B9E8154F1A6D20AC008D9E44 /* StartingVC.m in Sources */,
			);
			runOnlyForDeploymentPostprocessing = 0;
		};
		B939ED9E1A6C5CD100A93E9A /* Sources */ = {
			isa = PBXSourcesBuildPhase;
			buildActionMask = 2147483647;
			files = (
				B939EDA91A6C5CD100A93E9A /* Unlimited_GridTests.m in Sources */,
			);
			runOnlyForDeploymentPostprocessing = 0;
		};
/* End PBXSourcesBuildPhase section */

/* Begin PBXTargetDependency section */
		B939EDA41A6C5CD100A93E9A /* PBXTargetDependency */ = {
			isa = PBXTargetDependency;
			target = B939ED881A6C5CD100A93E9A /* Unlimited Grid */;
			targetProxy = B939EDA31A6C5CD100A93E9A /* PBXContainerItemProxy */;
		};
/* End PBXTargetDependency section */

/* Begin PBXVariantGroup section */
		B939ED961A6C5CD100A93E9A /* Main.storyboard */ = {
			isa = PBXVariantGroup;
			children = (
				B939ED971A6C5CD100A93E9A /* Base */,
			);
			name = Main.storyboard;
			sourceTree = "<group>";
		};
		B939ED9B1A6C5CD100A93E9A /* LaunchScreen.xib */ = {
			isa = PBXVariantGroup;
			children = (
				B939ED9C1A6C5CD100A93E9A /* Base */,
			);
			name = LaunchScreen.xib;
			sourceTree = "<group>";
		};
/* End PBXVariantGroup section */

/* Begin XCBuildConfiguration section */
		B939EDAA1A6C5CD100A93E9A /* Debug */ = {
			isa = XCBuildConfiguration;
			buildSettings = {
				ALWAYS_SEARCH_USER_PATHS = NO;
				CLANG_CXX_LANGUAGE_STANDARD = "gnu++0x";
				CLANG_CXX_LIBRARY = "libc++";
				CLANG_ENABLE_MODULES = YES;
				CLANG_ENABLE_OBJC_ARC = YES;
				CLANG_WARN_BOOL_CONVERSION = YES;
				CLANG_WARN_CONSTANT_CONVERSION = YES;
				CLANG_WARN_DIRECT_OBJC_ISA_USAGE = YES_ERROR;
				CLANG_WARN_EMPTY_BODY = YES;
				CLANG_WARN_ENUM_CONVERSION = YES;
				CLANG_WARN_INT_CONVERSION = YES;
				CLANG_WARN_OBJC_ROOT_CLASS = YES_ERROR;
				CLANG_WARN_UNREACHABLE_CODE = YES;
				CLANG_WARN__DUPLICATE_METHOD_MATCH = YES;
				"CODE_SIGN_IDENTITY[sdk=iphoneos*]" = "iPhone Developer";
				COPY_PHASE_STRIP = NO;
				ENABLE_STRICT_OBJC_MSGSEND = YES;
				GCC_C_LANGUAGE_STANDARD = gnu99;
				GCC_DYNAMIC_NO_PIC = NO;
				GCC_OPTIMIZATION_LEVEL = 0;
				GCC_PREPROCESSOR_DEFINITIONS = (
					"DEBUG=1",
					"$(inherited)",
				);
				GCC_SYMBOLS_PRIVATE_EXTERN = NO;
				GCC_WARN_64_TO_32_BIT_CONVERSION = YES;
				GCC_WARN_ABOUT_RETURN_TYPE = YES_ERROR;
				GCC_WARN_UNDECLARED_SELECTOR = YES;
				GCC_WARN_UNINITIALIZED_AUTOS = YES_AGGRESSIVE;
				GCC_WARN_UNUSED_FUNCTION = YES;
				GCC_WARN_UNUSED_VARIABLE = YES;
				IPHONEOS_DEPLOYMENT_TARGET = 8.1;
				MTL_ENABLE_DEBUG_INFO = YES;
				ONLY_ACTIVE_ARCH = YES;
				SDKROOT = iphoneos;
			};
			name = Debug;
		};
		B939EDAB1A6C5CD100A93E9A /* Release */ = {
			isa = XCBuildConfiguration;
			buildSettings = {
				ALWAYS_SEARCH_USER_PATHS = NO;
				CLANG_CXX_LANGUAGE_STANDARD = "gnu++0x";
				CLANG_CXX_LIBRARY = "libc++";
				CLANG_ENABLE_MODULES = YES;
				CLANG_ENABLE_OBJC_ARC = YES;
				CLANG_WARN_BOOL_CONVERSION = YES;
				CLANG_WARN_CONSTANT_CONVERSION = YES;
				CLANG_WARN_DIRECT_OBJC_ISA_USAGE = YES_ERROR;
				CLANG_WARN_EMPTY_BODY = YES;
				CLANG_WARN_ENUM_CONVERSION = YES;
				CLANG_WARN_INT_CONVERSION = YES;
				CLANG_WARN_OBJC_ROOT_CLASS = YES_ERROR;
				CLANG_WARN_UNREACHABLE_CODE = YES;
				CLANG_WARN__DUPLICATE_METHOD_MATCH = YES;
				"CODE_SIGN_IDENTITY[sdk=iphoneos*]" = "iPhone Developer";
				COPY_PHASE_STRIP = YES;
				ENABLE_NS_ASSERTIONS = NO;
				ENABLE_STRICT_OBJC_MSGSEND = YES;
				GCC_C_LANGUAGE_STANDARD = gnu99;
				GCC_WARN_64_TO_32_BIT_CONVERSION = YES;
				GCC_WARN_ABOUT_RETURN_TYPE = YES_ERROR;
				GCC_WARN_UNDECLARED_SELECTOR = YES;
				GCC_WARN_UNINITIALIZED_AUTOS = YES_AGGRESSIVE;
				GCC_WARN_UNUSED_FUNCTION = YES;
				GCC_WARN_UNUSED_VARIABLE = YES;
				IPHONEOS_DEPLOYMENT_TARGET = 8.1;
				MTL_ENABLE_DEBUG_INFO = NO;
				SDKROOT = iphoneos;
				VALIDATE_PRODUCT = YES;
			};
			name = Release;
		};
		B939EDAD1A6C5CD100A93E9A /* Debug */ = {
			isa = XCBuildConfiguration;
			buildSettings = {
				ASSETCATALOG_COMPILER_APPICON_NAME = AppIcon;
				INFOPLIST_FILE = "Unlimited Grid/Info.plist";
				LD_RUNPATH_SEARCH_PATHS = "$(inherited) @executable_path/Frameworks";
				PRODUCT_NAME = "$(TARGET_NAME)";
			};
			name = Debug;
		};
		B939EDAE1A6C5CD100A93E9A /* Release */ = {
			isa = XCBuildConfiguration;
			buildSettings = {
				ASSETCATALOG_COMPILER_APPICON_NAME = AppIcon;
				INFOPLIST_FILE = "Unlimited Grid/Info.plist";
				LD_RUNPATH_SEARCH_PATHS = "$(inherited) @executable_path/Frameworks";
				PRODUCT_NAME = "$(TARGET_NAME)";
			};
			name = Release;
		};
		B939EDB01A6C5CD100A93E9A /* Debug */ = {
			isa = XCBuildConfiguration;
			buildSettings = {
				BUNDLE_LOADER = "$(TEST_HOST)";
				FRAMEWORK_SEARCH_PATHS = (
					"$(SDKROOT)/Developer/Library/Frameworks",
					"$(inherited)",
				);
				GCC_PREPROCESSOR_DEFINITIONS = (
					"DEBUG=1",
					"$(inherited)",
				);
				INFOPLIST_FILE = "Unlimited GridTests/Info.plist";
				LD_RUNPATH_SEARCH_PATHS = "$(inherited) @executable_path/Frameworks @loader_path/Frameworks";
				PRODUCT_NAME = "$(TARGET_NAME)";
				TEST_HOST = "$(BUILT_PRODUCTS_DIR)/Unlimited Grid.app/Unlimited Grid";
			};
			name = Debug;
		};
		B939EDB11A6C5CD100A93E9A /* Release */ = {
			isa = XCBuildConfiguration;
			buildSettings = {
				BUNDLE_LOADER = "$(TEST_HOST)";
				FRAMEWORK_SEARCH_PATHS = (
					"$(SDKROOT)/Developer/Library/Frameworks",
					"$(inherited)",
				);
				INFOPLIST_FILE = "Unlimited GridTests/Info.plist";
				LD_RUNPATH_SEARCH_PATHS = "$(inherited) @executable_path/Frameworks @loader_path/Frameworks";
				PRODUCT_NAME = "$(TARGET_NAME)";
				TEST_HOST = "$(BUILT_PRODUCTS_DIR)/Unlimited Grid.app/Unlimited Grid";
			};
			name = Release;
		};
/* End XCBuildConfiguration section */

/* Begin XCConfigurationList section */
		B939ED841A6C5CD100A93E9A /* Build configuration list for PBXProject "Unlimited Grid" */ = {
			isa = XCConfigurationList;
			buildConfigurations = (
				B939EDAA1A6C5CD100A93E9A /* Debug */,
				B939EDAB1A6C5CD100A93E9A /* Release */,
			);
			defaultConfigurationIsVisible = 0;
			defaultConfigurationName = Release;
		};
		B939EDAC1A6C5CD100A93E9A /* Build configuration list for PBXNativeTarget "Unlimited Grid" */ = {
			isa = XCConfigurationList;
			buildConfigurations = (
				B939EDAD1A6C5CD100A93E9A /* Debug */,
				B939EDAE1A6C5CD100A93E9A /* Release */,
			);
			defaultConfigurationIsVisible = 0;
			defaultConfigurationName = Release;
		};
		B939EDAF1A6C5CD100A93E9A /* Build configuration list for PBXNativeTarget "Unlimited GridTests" */ = {
			isa = XCConfigurationList;
			buildConfigurations = (
				B939EDB01A6C5CD100A93E9A /* Debug */,
				B939EDB11A6C5CD100A93E9A /* Release */,
			);
			defaultConfigurationIsVisible = 0;
			defaultConfigurationName = Release;
		};
/* End XCConfigurationList section */
	};
	rootObject = B939ED811A6C5CD100A93E9A /* Project object */;
}
